<?xml version="1.0" encoding="UTF-8"?>
<Scheme LastUpgradeVersion = "1500" version = "1.7">
   <BuildAction parallelizeBuildables = "YES" buildImplicitDependencies = "YES">
      <BuildActionEntries>
         <BuildActionEntry buildForTesting = "YES" buildForRunning = "YES" buildForProfiling = "YES" buildForArchiving = "YES" buildForAnalyzing = "YES">
            <BuildableReference BuildableIdentifier = "primary" BlueprintIdentifier = "FF53240E643F017BE959F5A8" BuildableName = "Trove.app" BlueprintName = "Trove" ReferencedContainer = "container:Trove.xcodeproj">
            </BuildableReference>
         </BuildActionEntry>
      </BuildActionEntries>
   </BuildAction>
   <TestAction buildConfiguration = "Debug" selectedDebuggerIdentifier = "Xcode.DebuggerFoundation.Debugger.LLDB" selectedLauncherIdentifier = "Xcode.DebuggerFoundation.Launcher.LLDB" shouldUseLaunchSchemeArgsEnv = "YES">
      <Testables>
         <TestableReference skipped = "NO">
            <BuildableReference BuildableIdentifier = "primary" BlueprintIdentifier = "F141A6067E1877F74CA212A6" BuildableName = "TroveTests.xctest" BlueprintName = "TroveTests" ReferencedContainer = "container:Trove.xcodeproj">
            </BuildableReference>
         </TestableReference>
      </Testables>
   </TestAction>
   <LaunchAction buildConfiguration = "Debug" selectedDebuggerIdentifier = "Xcode.DebuggerFoundation.Debugger.LLDB" selectedLauncherIdentifier = "Xcode.DebuggerFoundation.Launcher.LLDB" launchStyle = "0" useCustomWorkingDirectory = "NO" ignoresPersistentStateOnLaunch = "NO" debugDocumentVersioning = "YES" debugServiceExtension = "internal" allowLocationSimulation = "YES">
      <BuildableProductRunnable runnableDebuggingMode = "0">
         <BuildableReference BuildableIdentifier = "primary" BlueprintIdentifier = "FF53240E643F017BE959F5A8" BuildableName = "Trove.app" BlueprintName = "Trove" ReferencedContainer = "container:Trove.xcodeproj">
         </BuildableReference>
      </BuildableProductRunnable>
   </LaunchAction>
   <ArchiveAction buildConfiguration = "Release" revealArchiveInOrganizer = "YES">
      <BuildableReference BuildableIdentifier = "primary" BlueprintIdentifier = "FF53240E643F017BE959F5A8" BuildableName = "Trove.app" BlueprintName = "Trove" ReferencedContainer = "container:Trove.xcodeproj">
      </BuildableReference>
   </ArchiveAction>
</Scheme>
